PODS:
  - Capacitor (8.4.1):
    - CapacitorCordova
  - CapacitorCordova (8.4.1)

DEPENDENCIES:
  - "Capacitor (from `../../../../node_modules/.bun/@capacitor+ios@8.4.1+767ac80cbab8ae50/node_modules/@capacitor/ios`)"
  - "CapacitorCordova (from `../../../../node_modules/.bun/@capacitor+ios@8.4.1+767ac80cbab8ae50/node_modules/@capacitor/ios`)"

EXTERNAL SOURCES:
  Capacitor:
    :path: "../../../../node_modules/.bun/@capacitor+ios@8.4.1+767ac80cbab8ae50/node_modules/@capacitor/ios"
  CapacitorCordova:
    :path: "../../../../node_modules/.bun/@capacitor+ios@8.4.1+767ac80cbab8ae50/node_modules/@capacitor/ios"

SPEC CHECKSUMS:
  Capacitor: 35242afe195b1e53c58ca1b827d1b444c5e6602b
  CapacitorCordova: eebe6bcf807b1b06f3f48237650f96bbcd0eef09

PODFILE CHECKSUM: 142a3ef8f07250e68b791fb20b2bbe215af1f9de

COCOAPODS: 1.16.2
